
Microsoft Visual Studio Solution File, Format Version 12.00
# Visual Studio Version 17
VisualStudioVersion = 17.5.002.0
MinimumVisualStudioVersion = 10.0.40219.1
Project("{9A19103F-16F7-4668-BE54-9A1E7A4F7556}") = "GameStore.Api", "GameStore.Api.csproj", "{3889ADBA-C20C-48A8-AE43-986DF5C14817}"
EndProject
Global
	GlobalSection(SolutionConfigurationPlatforms) = preSolution
		Debug|Any CPU = Debug|Any CPU
		Release|Any CPU = Release|Any CPU
	EndGlobalSection
	GlobalSection(ProjectConfigurationPlatforms) = postSolution
		{3889ADBA-C20C-48A8-AE43-986DF5C14817}.Debug|Any CPU.ActiveCfg = Debug|Any CPU
		{3889ADBA-C20C-48A8-AE43-986DF5C14817}.Debug|Any CPU.Build.0 = Debug|Any CPU
		{3889ADBA-C20C-48A8-AE43-986DF5C14817}.Release|Any CPU.ActiveCfg = Release|Any CPU
		{3889ADBA-C20C-48A8-AE43-986DF5C14817}.Release|Any CPU.Build.0 = Release|Any CPU
	EndGlobalSection
	GlobalSection(SolutionProperties) = preSolution
		HideSolutionNode = FALSE
	EndGlobalSection
	GlobalSection(ExtensibilityGlobals) = postSolution
		SolutionGuid = {0E54A6A4-6C95-40D9-8DC6-C2CEF827E71D}
	EndGlobalSection
EndGlobal
